
Microsoft Visual Studio Solution File, Format Version 12.00
# Visual Studio Version 17
VisualStudioVersion = 17.0.31903.59
MinimumVisualStudioVersion = 10.0.40219.1
Project("{2150E333-8FDC-42A3-9474-1A3956D46DE8}") = "src", "src", "{5AF8D543-A991-4F76-BAEF-F5B4FB7FD6AF}"
EndProject
Project("{FAE04EC0-301F-11D3-BF4B-00C04F79EFBC}") = "TraceClient", "src\TraceClient\TraceClient.csproj", "{6E18A008-85EF-4819-851A-E83D04D3B331}"
EndProject
Project("{2150E333-8FDC-42A3-9474-1A3956D46DE8}") = "tests", "tests", "{383E58E4-DFA1-4EAF-BD45-998E19A912FA}"
EndProject
Project("{FAE04EC0-301F-11D3-BF4B-00C04F79EFBC}") = "TraceClient.Tests", "tests\TraceClient.Tests\TraceClient.Tests.csproj", "{9DE98CF8-D961-41B1-85B0-6876A119CA0D}"
EndProject
Global
	GlobalSection(SolutionConfigurationPlatforms) = preSolution
		Debug|Any CPU = Debug|Any CPU
		Release|Any CPU = Release|Any CPU
	EndGlobalSection
	GlobalSection(SolutionProperties) = preSolution
		HideSolutionNode = FALSE
	EndGlobalSection
	GlobalSection(ProjectConfigurationPlatforms) = postSolution
		{6E18A008-85EF-4819-851A-E83D04D3B331}.Debug|Any CPU.ActiveCfg = Debug|Any CPU
		{6E18A008-85EF-4819-851A-E83D04D3B331}.Debug|Any CPU.Build.0 = Debug|Any CPU
		{6E18A008-85EF-4819-851A-E83D04D3B331}.Release|Any CPU.ActiveCfg = Release|Any CPU
		{6E18A008-85EF-4819-851A-E83D04D3B331}.Release|Any CPU.Build.0 = Release|Any CPU
		{9DE98CF8-D961-41B1-85B0-6876A119CA0D}.Debug|Any CPU.ActiveCfg = Debug|Any CPU
		{9DE98CF8-D961-41B1-85B0-6876A119CA0D}.Debug|Any CPU.Build.0 = Debug|Any CPU
		{9DE98CF8-D961-41B1-85B0-6876A119CA0D}.Release|Any CPU.ActiveCfg = Release|Any CPU
		{9DE98CF8-D961-41B1-85B0-6876A119CA0D}.Release|Any CPU.Build.0 = Release|Any CPU
	EndGlobalSection
	GlobalSection(NestedProjects) = preSolution
		{6E18A008-85EF-4819-851A-E83D04D3B331} = {5AF8D543-A991-4F76-BAEF-F5B4FB7FD6AF}
		{9DE98CF8-D961-41B1-85B0-6876A119CA0D} = {383E58E4-DFA1-4EAF-BD45-998E19A912FA}
	EndGlobalSection
EndGlobal
